
Microsoft Visual Studio Solution File, Format Version 12.00
# Visual Studio Version 17
VisualStudioVersion = 17.12.35707.178
MinimumVisualStudioVersion = 10.0.40219.1
Project("{FAE04EC0-301F-11D3-BF4B-00C04F79EFBC}") = "Assignment1Services", "Assignment1Services.csproj", "{A8FC3611-F182-4AD2-A8AD-05078AB017DE}"
EndProject
Project("{FAE04EC0-301F-11D3-BF4B-00C04F79EFBC}") = "Assignment1WebApp", "..\Assignment1WebApp\Assignment1WebApp.csproj", "{77C63853-5844-4917-9C9C-C24373A241F2}"
	ProjectSection(ProjectDependencies) = postProject
		{A8FC3611-F182-4AD2-A8AD-05078AB017DE} = {A8FC3611-F182-4AD2-A8AD-05078AB017DE}
	EndProjectSection
EndProject
Project("{FAE04EC0-301F-11D3-BF4B-00C04F79EFBC}") = "Assignment1Browser", "..\Assignment1Browser\Assignment1Browser.csproj", "{2BED3122-E316-4BED-8B3E-77302DBD0742}"
EndProject
Global
	GlobalSection(SolutionConfigurationPlatforms) = preSolution
		Debug|Any CPU = Debug|Any CPU
		Release|Any CPU = Release|Any CPU
	EndGlobalSection
	GlobalSection(ProjectConfigurationPlatforms) = postSolution
		{A8FC3611-F182-4AD2-A8AD-05078AB017DE}.Debug|Any CPU.ActiveCfg = Debug|Any CPU
		{A8FC3611-F182-4AD2-A8AD-05078AB017DE}.Debug|Any CPU.Build.0 = Debug|Any CPU
		{A8FC3611-F182-4AD2-A8AD-05078AB017DE}.Release|Any CPU.ActiveCfg = Release|Any CPU
		{A8FC3611-F182-4AD2-A8AD-05078AB017DE}.Release|Any CPU.Build.0 = Release|Any CPU
		{77C63853-5844-4917-9C9C-C24373A241F2}.Debug|Any CPU.ActiveCfg = Debug|Any CPU
		{77C63853-5844-4917-9C9C-C24373A241F2}.Debug|Any CPU.Build.0 = Debug|Any CPU
		{77C63853-5844-4917-9C9C-C24373A241F2}.Release|Any CPU.ActiveCfg = Release|Any CPU
		{77C63853-5844-4917-9C9C-C24373A241F2}.Release|Any CPU.Build.0 = Release|Any CPU
		{2BED3122-E316-4BED-8B3E-77302DBD0742}.Debug|Any CPU.ActiveCfg = Debug|Any CPU
		{2BED3122-E316-4BED-8B3E-77302DBD0742}.Debug|Any CPU.Build.0 = Debug|Any CPU
		{2BED3122-E316-4BED-8B3E-77302DBD0742}.Release|Any CPU.ActiveCfg = Release|Any CPU
		{2BED3122-E316-4BED-8B3E-77302DBD0742}.Release|Any CPU.Build.0 = Release|Any CPU
	EndGlobalSection
	GlobalSection(SolutionProperties) = preSolution
		HideSolutionNode = FALSE
	EndGlobalSection
EndGlobal
